// !$*UTF8*$!
{
	archiveVersion = 1;
	classes = {
	};
	objectVersion = 55;
	objects = {

/* Begin PBXBuildFile section */
		1A604CE38EF5636ABA950B59 /* Pods_GithubFetcher.framework in Frameworks */ = {isa = PBXBuildFile; fileRef = 09EEB6E6D2DCF6526BF8C2D1 /* Pods_GithubFetcher.framework */; };
		20B81DC5283D20BB0051C008 /* AppDelegate.swift in Sources */ = {isa = PBXBuildFile; fileRef = 20B81DC4283D20BB0051C008 /* AppDelegate.swift */; };
		20B81DC7283D20BB0051C008 /* SceneDelegate.swift in Sources */ = {isa = PBXBuildFile; fileRef = 20B81DC6283D20BB0051C008 /* SceneDelegate.swift */; };
		20B81DCC283D20BB0051C008 /* Main.storyboard in Resources */ = {isa = PBXBuildFile; fileRef = 20B81DCA283D20BB0051C008 /* Main.storyboard */; };
		20B81DCE283D20BE0051C008 /* Assets.xcassets in Resources */ = {isa = PBXBuildFile; fileRef = 20B81DCD283D20BE0051C008 /* Assets.xcassets */; };
		20B81DD1283D20BE0051C008 /* LaunchScreen.storyboard in Resources */ = {isa = PBXBuildFile; fileRef = 20B81DCF283D20BE0051C008 /* LaunchScreen.storyboard */; };
		20B81DDE283E22070051C008 /* SearchResult.swift in Sources */ = {isa = PBXBuildFile; fileRef = 20B81DDD283E22070051C008 /* SearchResult.swift */; };
		20B81DE0283E242F0051C008 /* ContributorsResult.swift in Sources */ = {isa = PBXBuildFile; fileRef = 20B81DDF283E242E0051C008 /* ContributorsResult.swift */; };
		20B81DE2283E25090051C008 /* BranchesResult.swift in Sources */ = {isa = PBXBuildFile; fileRef = 20B81DE1283E25090051C008 /* BranchesResult.swift */; };
		20B81DE4283E963C0051C008 /* SearchViewController.swift in Sources */ = {isa = PBXBuildFile; fileRef = 20B81DE3283E963C0051C008 /* SearchViewController.swift */; };
		20B81DE6283E96650051C008 /* ResultDetailViewController.swift in Sources */ = {isa = PBXBuildFile; fileRef = 20B81DE5283E96650051C008 /* ResultDetailViewController.swift */; };
/* End PBXBuildFile section */

/* Begin PBXFileReference section */
		09EEB6E6D2DCF6526BF8C2D1 /* Pods_GithubFetcher.framework */ = {isa = PBXFileReference; explicitFileType = wrapper.framework; includeInIndex = 0; path = Pods_GithubFetcher.framework; sourceTree = BUILT_PRODUCTS_DIR; };
		20B81DC1283D20BB0051C008 /* GithubFetcher.app */ = {isa = PBXFileReference; explicitFileType = wrapper.application; includeInIndex = 0; path = GithubFetcher.app; sourceTree = BUILT_PRODUCTS_DIR; };
		20B81DC4283D20BB0051C008 /* AppDelegate.swift */ = {isa = PBXFileReference; lastKnownFileType = sourcecode.swift; path = AppDelegate.swift; sourceTree = "<group>"; };
		20B81DC6283D20BB0051C008 /* SceneDelegate.swift */ = {isa = PBXFileReference; lastKnownFileType = sourcecode.swift; path = SceneDelegate.swift; sourceTree = "<group>"; };
		20B81DCB283D20BB0051C008 /* Base */ = {isa = PBXFileReference; lastKnownFileType = file.storyboard; name = Base; path = Base.lproj/Main.storyboard; sourceTree = "<group>"; };
		20B81DCD283D20BE0051C008 /* Assets.xcassets */ = {isa = PBXFileReference; lastKnownFileType = folder.assetcatalog; path = Assets.xcassets; sourceTree = "<group>"; };
		20B81DD0283D20BE0051C008 /* Base */ = {isa = PBXFileReference; lastKnownFileType = file.storyboard; name = Base; path = Base.lproj/LaunchScreen.storyboard; sourceTree = "<group>"; };
		20B81DD2283D20BE0051C008 /* Info.plist */ = {isa = PBXFileReference; lastKnownFileType = text.plist.xml; path = Info.plist; sourceTree = "<group>"; };
		20B81DDD283E22070051C008 /* SearchResult.swift */ = {isa = PBXFileReference; lastKnownFileType = sourcecode.swift; path = SearchResult.swift; sourceTree = "<group>"; };
		20B81DDF283E242E0051C008 /* ContributorsResult.swift */ = {isa = PBXFileReference; lastKnownFileType = sourcecode.swift; path = ContributorsResult.swift; sourceTree = "<group>"; };
		20B81DE1283E25090051C008 /* BranchesResult.swift */ = {isa = PBXFileReference; lastKnownFileType = sourcecode.swift; path = BranchesResult.swift; sourceTree = "<group>"; };
		20B81DE3283E963C0051C008 /* SearchViewController.swift */ = {isa = PBXFileReference; lastKnownFileType = sourcecode.swift; path = SearchViewController.swift; sourceTree = "<group>"; };
		20B81DE5283E96650051C008 /* ResultDetailViewController.swift */ = {isa = PBXFileReference; lastKnownFileType = sourcecode.swift; path = ResultDetailViewController.swift; sourceTree = "<group>"; };
		9B319294FA5D79BD3BBF6861 /* Pods-GithubFetcher.debug.xcconfig */ = {isa = PBXFileReference; includeInIndex = 1; lastKnownFileType = text.xcconfig; name = "Pods-GithubFetcher.debug.xcconfig"; path = "Target Support Files/Pods-GithubFetcher/Pods-GithubFetcher.debug.xcconfig"; sourceTree = "<group>"; };
		A1E7FD2C712F1D8114FE1F83 /* Pods-GithubFetcher.release.xcconfig */ = {isa = PBXFileReference; includeInIndex = 1; lastKnownFileType = text.xcconfig; name = "Pods-GithubFetcher.release.xcconfig"; path = "Target Support Files/Pods-GithubFetcher/Pods-GithubFetcher.release.xcconfig"; sourceTree = "<group>"; };
/* End PBXFileReference section */

/* Begin PBXFrameworksBuildPhase section */
		20B81DBE283D20BB0051C008 /* Frameworks */ = {
			isa = PBXFrameworksBuildPhase;
			buildActionMask = 2147483647;
			files = (
				1A604CE38EF5636ABA950B59 /* Pods_GithubFetcher.framework in Frameworks */,
			);
			runOnlyForDeploymentPostprocessing = 0;
		};
/* End PBXFrameworksBuildPhase section */

/* Begin PBXGroup section */
		20B81DB8283D20BB0051C008 = {
			isa = PBXGroup;
			children = (
				20B81DC3283D20BB0051C008 /* GithubFetcher */,
				20B81DC2283D20BB0051C008 /* Products */,
				B43F2D46E10070910D04899A /* Pods */,
				ABF00B3DA9B1B5E44475D07D /* Frameworks */,
			);
			sourceTree = "<group>";
		};
		20B81DC2283D20BB0051C008 /* Products */ = {
			isa = PBXGroup;
			children = (
				20B81DC1283D20BB0051C008 /* GithubFetcher.app */,
			);
			name = Products;
			sourceTree = "<group>";
		};
		20B81DC3283D20BB0051C008 /* GithubFetcher */ = {
			isa = PBXGroup;
			children = (
				20B81DDC283D212D0051C008 /* Supporting Files */,
				20B81DD8283D20E60051C008 /* Model */,
				20B81DDB283D211E0051C008 /* View Models */,
				20B81DD9283D20F40051C008 /* View */,
				20B81DDA283D210B0051C008 /* Controllers */,
			);
			path = GithubFetcher;
			sourceTree = "<group>";
		};
		20B81DD8283D20E60051C008 /* Model */ = {
			isa = PBXGroup;
			children = (
				20B81DDD283E22070051C008 /* SearchResult.swift */,
				20B81DDF283E242E0051C008 /* ContributorsResult.swift */,
				20B81DE1283E25090051C008 /* BranchesResult.swift */,
			);
			path = Model;
			sourceTree = "<group>";
		};
		20B81DD9283D20F40051C008 /* View */ = {
			isa = PBXGroup;
			children = (
				20B81DCF283D20BE0051C008 /* LaunchScreen.storyboard */,
				20B81DCA283D20BB0051C008 /* Main.storyboard */,
			);
			path = View;
			sourceTree = "<group>";
		};
		20B81DDA283D210B0051C008 /* Controllers */ = {
			isa = PBXGroup;
			children = (
				20B81DE3283E963C0051C008 /* SearchViewController.swift */,
				20B81DE5283E96650051C008 /* ResultDetailViewController.swift */,
			);
			path = Controllers;
			sourceTree = "<group>";
		};
		20B81DDB283D211E0051C008 /* View Models */ = {
			isa = PBXGroup;
			children = (
			);
			path = "View Models";
			sourceTree = "<group>";
		};
		20B81DDC283D212D0051C008 /* Supporting Files */ = {
			isa = PBXGroup;
			children = (
				20B81DCD283D20BE0051C008 /* Assets.xcassets */,
				20B81DC4283D20BB0051C008 /* AppDelegate.swift */,
				20B81DC6283D20BB0051C008 /* SceneDelegate.swift */,
				20B81DD2283D20BE0051C008 /* Info.plist */,
			);
			path = "Supporting Files";
			sourceTree = "<group>";
		};
		ABF00B3DA9B1B5E44475D07D /* Frameworks */ = {
			isa = PBXGroup;
			children = (
				09EEB6E6D2DCF6526BF8C2D1 /* Pods_GithubFetcher.framework */,
			);
			name = Frameworks;
			sourceTree = "<group>";
		};
		B43F2D46E10070910D04899A /* Pods */ = {
			isa = PBXGroup;
			children = (
				9B319294FA5D79BD3BBF6861 /* Pods-GithubFetcher.debug.xcconfig */,
				A1E7FD2C712F1D8114FE1F83 /* Pods-GithubFetcher.release.xcconfig */,
			);
			path = Pods;
			sourceTree = "<group>";
		};
/* End PBXGroup section */

/* Begin PBXNativeTarget section */
		20B81DC0283D20BB0051C008 /* GithubFetcher */ = {
			isa = PBXNativeTarget;
			buildConfigurationList = 20B81DD5283D20BE0051C008 /* Build configuration list for PBXNativeTarget "GithubFetcher" */;
			buildPhases = (
				88B4198F32BE274529920E75 /* [CP] Check Pods Manifest.lock */,
				20B81DBD283D20BB0051C008 /* Sources */,
				20B81DBE283D20BB0051C008 /* Frameworks */,
				20B81DBF283D20BB0051C008 /* Resources */,
				D1F647E25DFEB40B8DDD95AE /* [CP] Embed Pods Frameworks */,
			);
			buildRules = (
			);
			dependencies = (
			);
			name = GithubFetcher;
			productName = GithubFetcher;
			productReference = 20B81DC1283D20BB0051C008 /* GithubFetcher.app */;
			productType = "com.apple.product-type.application";
		};
/* End PBXNativeTarget section */

/* Begin PBXProject section */
		20B81DB9283D20BB0051C008 /* Project object */ = {
			isa = PBXProject;
			attributes = {
				BuildIndependentTargetsInParallel = 1;
				LastSwiftUpdateCheck = 1330;
				LastUpgradeCheck = 1330;
				TargetAttributes = {
					20B81DC0283D20BB0051C008 = {
						CreatedOnToolsVersion = 13.3.1;
					};
				};
			};
			buildConfigurationList = 20B81DBC283D20BB0051C008 /* Build configuration list for PBXProject "GithubFetcher" */;
			compatibilityVersion = "Xcode 13.0";
			developmentRegion = en;
			hasScannedForEncodings = 0;
			knownRegions = (
				en,
				Base,
			);
			mainGroup = 20B81DB8283D20BB0051C008;
			productRefGroup = 20B81DC2283D20BB0051C008 /* Products */;
			projectDirPath = "";
			projectRoot = "";
			targets = (
				20B81DC0283D20BB0051C008 /* GithubFetcher */,
			);
		};
/* End PBXProject section */

/* Begin PBXResourcesBuildPhase section */
		20B81DBF283D20BB0051C008 /* Resources */ = {
			isa = PBXResourcesBuildPhase;
			buildActionMask = 2147483647;
			files = (
				20B81DD1283D20BE0051C008 /* LaunchScreen.storyboard in Resources */,
				20B81DCE283D20BE0051C008 /* Assets.xcassets in Resources */,
				20B81DCC283D20BB0051C008 /* Main.storyboard in Resources */,
			);
			runOnlyForDeploymentPostprocessing = 0;
		};
/* End PBXResourcesBuildPhase section */

/* Begin PBXShellScriptBuildPhase section */
		88B4198F32BE274529920E75 /* [CP] Check Pods Manifest.lock */ = {
			isa = PBXShellScriptBuildPhase;
			buildActionMask = 2147483647;
			files = (
			);
			inputFileListPaths = (
			);
			inputPaths = (
				"${PODS_PODFILE_DIR_PATH}/Podfile.lock",
				"${PODS_ROOT}/Manifest.lock",
			);
			name = "[CP] Check Pods Manifest.lock";
			outputFileListPaths = (
			);
			outputPaths = (
				"$(DERIVED_FILE_DIR)/Pods-GithubFetcher-checkManifestLockResult.txt",
			);
			runOnlyForDeploymentPostprocessing = 0;
			shellPath = /bin/sh;
			shellScript = "diff \"${PODS_PODFILE_DIR_PATH}/Podfile.lock\" \"${PODS_ROOT}/Manifest.lock\" > /dev/null\nif [ $? != 0 ] ; then\n    # print error to STDERR\n    echo \"error: The sandbox is not in sync with the Podfile.lock. Run 'pod install' or update your CocoaPods installation.\" >&2\n    exit 1\nfi\n# This output is used by Xcode 'outputs' to avoid re-running this script phase.\necho \"SUCCESS\" > \"${SCRIPT_OUTPUT_FILE_0}\"\n";
			showEnvVarsInLog = 0;
		};
		D1F647E25DFEB40B8DDD95AE /* [CP] Embed Pods Frameworks */ = {
			isa = PBXShellScriptBuildPhase;
			buildActionMask = 2147483647;
			files = (
			);
			inputFileListPaths = (
				"${PODS_ROOT}/Target Support Files/Pods-GithubFetcher/Pods-GithubFetcher-frameworks-${CONFIGURATION}-input-files.xcfilelist",
			);
			name = "[CP] Embed Pods Frameworks";
			outputFileListPaths = (
				"${PODS_ROOT}/Target Support Files/Pods-GithubFetcher/Pods-GithubFetcher-frameworks-${CONFIGURATION}-output-files.xcfilelist",
			);
			runOnlyForDeploymentPostprocessing = 0;
			shellPath = /bin/sh;
			shellScript = "\"${PODS_ROOT}/Target Support Files/Pods-GithubFetcher/Pods-GithubFetcher-frameworks.sh\"\n";
			showEnvVarsInLog = 0;
		};
/* End PBXShellScriptBuildPhase section */

/* Begin PBXSourcesBuildPhase section */
		20B81DBD283D20BB0051C008 /* Sources */ = {
			isa = PBXSourcesBuildPhase;
			buildActionMask = 2147483647;
			files = (
				20B81DE6283E96650051C008 /* ResultDetailViewController.swift in Sources */,
				20B81DE4283E963C0051C008 /* SearchViewController.swift in Sources */,
				20B81DE0283E242F0051C008 /* ContributorsResult.swift in Sources */,
				20B81DE2283E25090051C008 /* BranchesResult.swift in Sources */,
				20B81DC5283D20BB0051C008 /* AppDelegate.swift in Sources */,
				20B81DDE283E22070051C008 /* SearchResult.swift in Sources */,
				20B81DC7283D20BB0051C008 /* SceneDelegate.swift in Sources */,
			);
			runOnlyForDeploymentPostprocessing = 0;
		};
/* End PBXSourcesBuildPhase section */

/* Begin PBXVariantGroup section */
		20B81DCA283D20BB0051C008 /* Main.storyboard */ = {
			isa = PBXVariantGroup;
			children = (
				20B81DCB283D20BB0051C008 /* Base */,
			);
			name = Main.storyboard;
			sourceTree = "<group>";
		};
		20B81DCF283D20BE0051C008 /* LaunchScreen.storyboard */ = {
			isa = PBXVariantGroup;
			children = (
				20B81DD0283D20BE0051C008 /* Base */,
			);
			name = LaunchScreen.storyboard;
			sourceTree = "<group>";
		};
/* End PBXVariantGroup section */

/* Begin XCBuildConfiguration section */
		20B81DD3283D20BE0051C008 /* Debug */ = {
			isa = XCBuildConfiguration;
			buildSettings = {
				ALWAYS_SEARCH_USER_PATHS = NO;
				CLANG_ANALYZER_NONNULL = YES;
				CLANG_ANALYZER_NUMBER_OBJECT_CONVERSION = YES_AGGRESSIVE;
				CLANG_CXX_LANGUAGE_STANDARD = "gnu++17";
				CLANG_ENABLE_MODULES = YES;
				CLANG_ENABLE_OBJC_ARC = YES;
				CLANG_ENABLE_OBJC_WEAK = YES;
				CLANG_WARN_BLOCK_CAPTURE_AUTORELEASING = YES;
				CLANG_WARN_BOOL_CONVERSION = YES;
				CLANG_WARN_COMMA = YES;
				CLANG_WARN_CONSTANT_CONVERSION = YES;
				CLANG_WARN_DEPRECATED_OBJC_IMPLEMENTATIONS = YES;
				CLANG_WARN_DIRECT_OBJC_ISA_USAGE = YES_ERROR;
				CLANG_WARN_DOCUMENTATION_COMMENTS = YES;
				CLANG_WARN_EMPTY_BODY = YES;
				CLANG_WARN_ENUM_CONVERSION = YES;
				CLANG_WARN_INFINITE_RECURSION = YES;
				CLANG_WARN_INT_CONVERSION = YES;
				CLANG_WARN_NON_LITERAL_NULL_CONVERSION = YES;
				CLANG_WARN_OBJC_IMPLICIT_RETAIN_SELF = YES;
				CLANG_WARN_OBJC_LITERAL_CONVERSION = YES;
				CLANG_WARN_OBJC_ROOT_CLASS = YES_ERROR;
				CLANG_WARN_QUOTED_INCLUDE_IN_FRAMEWORK_HEADER = YES;
				CLANG_WARN_RANGE_LOOP_ANALYSIS = YES;
				CLANG_WARN_STRICT_PROTOTYPES = YES;
				CLANG_WARN_SUSPICIOUS_MOVE = YES;
				CLANG_WARN_UNGUARDED_AVAILABILITY = YES_AGGRESSIVE;
				CLANG_WARN_UNREACHABLE_CODE = YES;
				CLANG_WARN__DUPLICATE_METHOD_MATCH = YES;
				COPY_PHASE_STRIP = NO;
				DEBUG_INFORMATION_FORMAT = dwarf;
				ENABLE_STRICT_OBJC_MSGSEND = YES;
				ENABLE_TESTABILITY = YES;
				GCC_C_LANGUAGE_STANDARD = gnu11;
				GCC_DYNAMIC_NO_PIC = NO;
				GCC_NO_COMMON_BLOCKS = YES;
				GCC_OPTIMIZATION_LEVEL = 0;
				GCC_PREPROCESSOR_DEFINITIONS = (
					"DEBUG=1",
					"$(inherited)",
				);
				GCC_WARN_64_TO_32_BIT_CONVERSION = YES;
				GCC_WARN_ABOUT_RETURN_TYPE = YES_ERROR;
				GCC_WARN_UNDECLARED_SELECTOR = YES;
				GCC_WARN_UNINITIALIZED_AUTOS = YES_AGGRESSIVE;
				GCC_WARN_UNUSED_FUNCTION = YES;
				GCC_WARN_UNUSED_VARIABLE = YES;
				IPHONEOS_DEPLOYMENT_TARGET = 15.4;
				MTL_ENABLE_DEBUG_INFO = INCLUDE_SOURCE;
				MTL_FAST_MATH = YES;
				ONLY_ACTIVE_ARCH = YES;
				SDKROOT = iphoneos;
				SWIFT_ACTIVE_COMPILATION_CONDITIONS = DEBUG;
				SWIFT_OPTIMIZATION_LEVEL = "-Onone";
			};
			name = Debug;
		};
		20B81DD4283D20BE0051C008 /* Release */ = {
			isa = XCBuildConfiguration;
			buildSettings = {
				ALWAYS_SEARCH_USER_PATHS = NO;
				CLANG_ANALYZER_NONNULL = YES;
				CLANG_ANALYZER_NUMBER_OBJECT_CONVERSION = YES_AGGRESSIVE;
				CLANG_CXX_LANGUAGE_STANDARD = "gnu++17";
				CLANG_ENABLE_MODULES = YES;
				CLANG_ENABLE_OBJC_ARC = YES;
				CLANG_ENABLE_OBJC_WEAK = YES;
				CLANG_WARN_BLOCK_CAPTURE_AUTORELEASING = YES;
				CLANG_WARN_BOOL_CONVERSION = YES;
				CLANG_WARN_COMMA = YES;
				CLANG_WARN_CONSTANT_CONVERSION = YES;
				CLANG_WARN_DEPRECATED_OBJC_IMPLEMENTATIONS = YES;
				CLANG_WARN_DIRECT_OBJC_ISA_USAGE = YES_ERROR;
				CLANG_WARN_DOCUMENTATION_COMMENTS = YES;
				CLANG_WARN_EMPTY_BODY = YES;
				CLANG_WARN_ENUM_CONVERSION = YES;
				CLANG_WARN_INFINITE_RECURSION = YES;
				CLANG_WARN_INT_CONVERSION = YES;
				CLANG_WARN_NON_LITERAL_NULL_CONVERSION = YES;
				CLANG_WARN_OBJC_IMPLICIT_RETAIN_SELF = YES;
				CLANG_WARN_OBJC_LITERAL_CONVERSION = YES;
				CLANG_WARN_OBJC_ROOT_CLASS = YES_ERROR;
				CLANG_WARN_QUOTED_INCLUDE_IN_FRAMEWORK_HEADER = YES;
				CLANG_WARN_RANGE_LOOP_ANALYSIS = YES;
				CLANG_WARN_STRICT_PROTOTYPES = YES;
				CLANG_WARN_SUSPICIOUS_MOVE = YES;
				CLANG_WARN_UNGUARDED_AVAILABILITY = YES_AGGRESSIVE;
				CLANG_WARN_UNREACHABLE_CODE = YES;
				CLANG_WARN__DUPLICATE_METHOD_MATCH = YES;
				COPY_PHASE_STRIP = NO;
				DEBUG_INFORMATION_FORMAT = "dwarf-with-dsym";
				ENABLE_NS_ASSERTIONS = NO;
				ENABLE_STRICT_OBJC_MSGSEND = YES;
				GCC_C_LANGUAGE_STANDARD = gnu11;
				GCC_NO_COMMON_BLOCKS = YES;
				GCC_WARN_64_TO_32_BIT_CONVERSION = YES;
				GCC_WARN_ABOUT_RETURN_TYPE = YES_ERROR;
				GCC_WARN_UNDECLARED_SELECTOR = YES;
				GCC_WARN_UNINITIALIZED_AUTOS = YES_AGGRESSIVE;
				GCC_WARN_UNUSED_FUNCTION = YES;
				GCC_WARN_UNUSED_VARIABLE = YES;
				IPHONEOS_DEPLOYMENT_TARGET = 15.4;
				MTL_ENABLE_DEBUG_INFO = NO;
				MTL_FAST_MATH = YES;
				SDKROOT = iphoneos;
				SWIFT_COMPILATION_MODE = wholemodule;
				SWIFT_OPTIMIZATION_LEVEL = "-O";
				VALIDATE_PRODUCT = YES;
			};
			name = Release;
		};
		20B81DD6283D20BE0051C008 /* Debug */ = {
			isa = XCBuildConfiguration;
			baseConfigurationReference = 9B319294FA5D79BD3BBF6861 /* Pods-GithubFetcher.debug.xcconfig */;
			buildSettings = {
				ASSETCATALOG_COMPILER_APPICON_NAME = AppIcon;
				ASSETCATALOG_COMPILER_GLOBAL_ACCENT_COLOR_NAME = AccentColor;
				CODE_SIGN_STYLE = Automatic;
				CURRENT_PROJECT_VERSION = 1;
				DEVELOPMENT_TEAM = 3UQTFY6Z46;
				GENERATE_INFOPLIST_FILE = YES;
				INFOPLIST_FILE = "GithubFetcher/Supporting Files/Info.plist";
				INFOPLIST_KEY_UIApplicationSupportsIndirectInputEvents = YES;
				INFOPLIST_KEY_UILaunchStoryboardName = LaunchScreen;
				INFOPLIST_KEY_UIMainStoryboardFile = Main;
				INFOPLIST_KEY_UISupportedInterfaceOrientations = UIInterfaceOrientationPortrait;
				INFOPLIST_KEY_UISupportedInterfaceOrientations_iPad = "UIInterfaceOrientationPortrait UIInterfaceOrientationPortraitUpsideDown UIInterfaceOrientationLandscapeLeft UIInterfaceOrientationLandscapeRight";
				INFOPLIST_KEY_UISupportedInterfaceOrientations_iPhone = "UIInterfaceOrientationPortrait UIInterfaceOrientationLandscapeLeft UIInterfaceOrientationLandscapeRight";
				IPHONEOS_DEPLOYMENT_TARGET = 14.0;
				LD_RUNPATH_SEARCH_PATHS = (
					"$(inherited)",
					"@executable_path/Frameworks",
				);
				MARKETING_VERSION = 1.0;
				PRODUCT_BUNDLE_IDENTIFIER = com.jacquinlaura.GithubFetcher;
				PRODUCT_NAME = "$(TARGET_NAME)";
				SWIFT_EMIT_LOC_STRINGS = YES;
				SWIFT_VERSION = 5.0;
				TARGETED_DEVICE_FAMILY = 1;
			};
			name = Debug;
		};
		20B81DD7283D20BE0051C008 /* Release */ = {
			isa = XCBuildConfiguration;
			baseConfigurationReference = A1E7FD2C712F1D8114FE1F83 /* Pods-GithubFetcher.release.xcconfig */;
			buildSettings = {
				ASSETCATALOG_COMPILER_APPICON_NAME = AppIcon;
				ASSETCATALOG_COMPILER_GLOBAL_ACCENT_COLOR_NAME = AccentColor;
				CODE_SIGN_STYLE = Automatic;
				CURRENT_PROJECT_VERSION = 1;
				DEVELOPMENT_TEAM = 3UQTFY6Z46;
				GENERATE_INFOPLIST_FILE = YES;
				INFOPLIST_FILE = "GithubFetcher/Supporting Files/Info.plist";
				INFOPLIST_KEY_UIApplicationSupportsIndirectInputEvents = YES;
				INFOPLIST_KEY_UILaunchStoryboardName = LaunchScreen;
				INFOPLIST_KEY_UIMainStoryboardFile = Main;
				INFOPLIST_KEY_UISupportedInterfaceOrientations = UIInterfaceOrientationPortrait;
				INFOPLIST_KEY_UISupportedInterfaceOrientations_iPad = "UIInterfaceOrientationPortrait UIInterfaceOrientationPortraitUpsideDown UIInterfaceOrientationLandscapeLeft UIInterfaceOrientationLandscapeRight";
				INFOPLIST_KEY_UISupportedInterfaceOrientations_iPhone = "UIInterfaceOrientationPortrait UIInterfaceOrientationLandscapeLeft UIInterfaceOrientationLandscapeRight";
				IPHONEOS_DEPLOYMENT_TARGET = 14.0;
				LD_RUNPATH_SEARCH_PATHS = (
					"$(inherited)",
					"@executable_path/Frameworks",
				);
				MARKETING_VERSION = 1.0;
				PRODUCT_BUNDLE_IDENTIFIER = com.jacquinlaura.GithubFetcher;
				PRODUCT_NAME = "$(TARGET_NAME)";
				SWIFT_EMIT_LOC_STRINGS = YES;
				SWIFT_VERSION = 5.0;
				TARGETED_DEVICE_FAMILY = 1;
			};
			name = Release;
		};
/* End XCBuildConfiguration section */

/* Begin XCConfigurationList section */
		20B81DBC283D20BB0051C008 /* Build configuration list for PBXProject "GithubFetcher" */ = {
			isa = XCConfigurationList;
			buildConfigurations = (
				20B81DD3283D20BE0051C008 /* Debug */,
				20B81DD4283D20BE0051C008 /* Release */,
			);
			defaultConfigurationIsVisible = 0;
			defaultConfigurationName = Release;
		};
		20B81DD5283D20BE0051C008 /* Build configuration list for PBXNativeTarget "GithubFetcher" */ = {
			isa = XCConfigurationList;
			buildConfigurations = (
				20B81DD6283D20BE0051C008 /* Debug */,
				20B81DD7283D20BE0051C008 /* Release */,
			);
			defaultConfigurationIsVisible = 0;
			defaultConfigurationName = Release;
		};
/* End XCConfigurationList section */
	};
	rootObject = 20B81DB9283D20BB0051C008 /* Project object */;
}
